{
  "name": "@jbuschke/react-glue",
  "version": "0.5.2",
  "lockfileVersion": 1,
  "requires": true,
  "dependencies": {
    "formik-antd": {
      "version": "1.9.0",
      "resolved": "https://registry.npmjs.org/formik-antd/-/formik-antd-1.9.0.tgz",
      "integrity": "sha512-nAvMh3ZSlq1kVOFIDH/d9Ipg4LQ1nu8mta74i5rc56cKGfEE0fZASh1O9IrUQqxjU23IlFdkVZFC9HEAAZLuNw==",
      "dev": true
    }
  }
}
