{
  "name": "@jbuschke/react-glue",
  "version": "0.5.2",
  "lockfileVersion": 1,
  "requires": true,
  "dependencies": {
    "@jbuschke/dx-odata-grid": {
      "version": "0.2.0",
      "resolved": "https://registry.npmjs.org/@jbuschke/dx-odata-grid/-/dx-odata-grid-0.2.0.tgz",
      "integrity": "sha512-346p1WCqv9Dx/Q6xx0SfTj/eZwcqLZ/cx91a0h5Y8piNmw4/du6NEBQ3I1wsnNm5/2/fKakgg/0j1554/uP/fQ==",
      "dev": true
    }
  }
}
